// !$*UTF8*$!
{
	archiveVersion = 1;
	classes = {
	};
	objectVersion = 56;
	objects = {

/* Begin PBXBuildFile section */
		AA093DDF2A72B1250099A958 /* SampleData.swift in Sources */ = {isa = PBXBuildFile; fileRef = AA093DDE2A72B1250099A958 /* SampleData.swift */; };
		AA2B25DF2A9D3110009A4994 /* PrimaryDetailsView.swift in Sources */ = {isa = PBXBuildFile; fileRef = AA2B25DE2A9D3110009A4994 /* PrimaryDetailsView.swift */; };
		AA2D9D172A7A77AD009FC955 /* WeatherAPIKey.swift in Sources */ = {isa = PBXBuildFile; fileRef = AA2D9D162A7A77AD009FC955 /* WeatherAPIKey.swift */; };
		AA2D9D1A2A7EC54B009FC955 /* ImageMorphing in Frameworks */ = {isa = PBXBuildFile; productRef = AA2D9D192A7EC54B009FC955 /* ImageMorphing */; };
		AA2D9D1C2A7EC5D5009FC955 /* SFSymbols-WeatherAnimationArray.swift in Sources */ = {isa = PBXBuildFile; fileRef = AA2D9D1B2A7EC5D5009FC955 /* SFSymbols-WeatherAnimationArray.swift */; };
		AA389B342A6EB4C100EF6E2F /* WeatherDetailRowView.swift in Sources */ = {isa = PBXBuildFile; fileRef = AA389B332A6EB4C100EF6E2F /* WeatherDetailRowView.swift */; };
		AA48D4592A8167350026DD28 /* FavoriteLocation.swift in Sources */ = {isa = PBXBuildFile; fileRef = AA48D4582A8167350026DD28 /* FavoriteLocation.swift */; };
		AA49FC452A82B97F003E7CCA /* FavoriteLocationTile.swift in Sources */ = {isa = PBXBuildFile; fileRef = AA49FC442A82B97F003E7CCA /* FavoriteLocationTile.swift */; };
		AA607DEE29E1CD6C00DBE8C3 /* LightningBolt.swift in Sources */ = {isa = PBXBuildFile; fileRef = AA607DED29E1CD6C00DBE8C3 /* LightningBolt.swift */; };
		AA607DF029E1CE1B00DBE8C3 /* Lightning.swift in Sources */ = {isa = PBXBuildFile; fileRef = AA607DEF29E1CE1B00DBE8C3 /* Lightning.swift */; };
		AA607DF229E1F37E00DBE8C3 /* LightningView.swift in Sources */ = {isa = PBXBuildFile; fileRef = AA607DF129E1F37E00DBE8C3 /* LightningView.swift */; };
		AA611A602A6EDCF400B55BBA /* WeatherData.swift in Sources */ = {isa = PBXBuildFile; fileRef = AA611A5F2A6EDCF400B55BBA /* WeatherData.swift */; };
		AA611A632A6EF1B900B55BBA /* WeatherService.swift in Sources */ = {isa = PBXBuildFile; fileRef = AA611A622A6EF1B900B55BBA /* WeatherService.swift */; };
		AA611A662A6EF4D000B55BBA /* WeatherViewModel.swift in Sources */ = {isa = PBXBuildFile; fileRef = AA611A652A6EF4D000B55BBA /* WeatherViewModel.swift */; };
		AA846C702A7036D800C4D61E /* WeatherDetailGridItem.swift in Sources */ = {isa = PBXBuildFile; fileRef = AA846C6F2A7036D800C4D61E /* WeatherDetailGridItem.swift */; };
		AA846C732A70AE7600C4D61E /* SkyView.swift in Sources */ = {isa = PBXBuildFile; fileRef = AA846C722A70AE7600C4D61E /* SkyView.swift */; };
		AA846C752A70B2E800C4D61E /* GradientStops.swift in Sources */ = {isa = PBXBuildFile; fileRef = AA846C742A70B2E800C4D61E /* GradientStops.swift */; };
		AA846C772A70B89E00C4D61E /* String-DateFormat.swift in Sources */ = {isa = PBXBuildFile; fileRef = AA846C762A70B89E00C4D61E /* String-DateFormat.swift */; };
		AA972A5B29CF3DED000E270E /* WeatheredApp.swift in Sources */ = {isa = PBXBuildFile; fileRef = AA972A5A29CF3DED000E270E /* WeatheredApp.swift */; };
		AA972A5D29CF3DED000E270E /* ConditionsView.swift in Sources */ = {isa = PBXBuildFile; fileRef = AA972A5C29CF3DED000E270E /* ConditionsView.swift */; };
		AA972A5F29CF3DEE000E270E /* Assets.xcassets in Resources */ = {isa = PBXBuildFile; fileRef = AA972A5E29CF3DEE000E270E /* Assets.xcassets */; };
		AA972A6229CF3DEE000E270E /* Preview Assets.xcassets in Resources */ = {isa = PBXBuildFile; fileRef = AA972A6129CF3DEE000E270E /* Preview Assets.xcassets */; };
		AA972A6929CF3E7E000E270E /* Cloud.swift in Sources */ = {isa = PBXBuildFile; fileRef = AA972A6829CF3E7E000E270E /* Cloud.swift */; };
		AA972A6B29CF407C000E270E /* CloudGroup.swift in Sources */ = {isa = PBXBuildFile; fileRef = AA972A6A29CF407C000E270E /* CloudGroup.swift */; };
		AA972A6F29CF42D0000E270E /* CloudsView.swift in Sources */ = {isa = PBXBuildFile; fileRef = AA972A6E29CF42D0000E270E /* CloudsView.swift */; };
		AA972A7329CF9F5E000E270E /* Color-Custom.swift in Sources */ = {isa = PBXBuildFile; fileRef = AA972A7229CF9F5E000E270E /* Color-Custom.swift */; };
		AA972A7629CFA219000E270E /* Array-GradientStop.swift in Sources */ = {isa = PBXBuildFile; fileRef = AA972A7529CFA219000E270E /* Array-GradientStop.swift */; };
		AA972A7829CFA3E2000E270E /* Color-Interpolation.swift in Sources */ = {isa = PBXBuildFile; fileRef = AA972A7729CFA3E2000E270E /* Color-Interpolation.swift */; };
		AA972A7D29D1D016000E270E /* StarField.swift in Sources */ = {isa = PBXBuildFile; fileRef = AA972A7C29D1D016000E270E /* StarField.swift */; };
		AA972A7F29D1D022000E270E /* StarsView.swift in Sources */ = {isa = PBXBuildFile; fileRef = AA972A7E29D1D022000E270E /* StarsView.swift */; };
		AA972A8129D23491000E270E /* Storm.swift in Sources */ = {isa = PBXBuildFile; fileRef = AA972A8029D23491000E270E /* Storm.swift */; };
		AA972A8329D234C7000E270E /* StormDrop.swift in Sources */ = {isa = PBXBuildFile; fileRef = AA972A8229D234C7000E270E /* StormDrop.swift */; };
		AA972A8529D23863000E270E /* StormView.swift in Sources */ = {isa = PBXBuildFile; fileRef = AA972A8429D23863000E270E /* StormView.swift */; };
		AAA8266529E480CA00C74D6C /* SunView.swift in Sources */ = {isa = PBXBuildFile; fileRef = AAA8266429E480CA00C74D6C /* SunView.swift */; };
		AAB4248D2A94D64A004C63BB /* SFSymbols-WeatherIcons.swift in Sources */ = {isa = PBXBuildFile; fileRef = AAB4248C2A94D64A004C63BB /* SFSymbols-WeatherIcons.swift */; };
		AABC2C0E2A713F89004EFF49 /* HomeView.swift in Sources */ = {isa = PBXBuildFile; fileRef = AABC2C0D2A713F89004EFF49 /* HomeView.swift */; };
		AABC2C102A719380004EFF49 /* ContentView.swift in Sources */ = {isa = PBXBuildFile; fileRef = AABC2C0F2A719380004EFF49 /* ContentView.swift */; };
		AAD8C44A29D5EBBD008742CB /* ResidueDrop.swift in Sources */ = {isa = PBXBuildFile; fileRef = AAD8C44929D5EBBD008742CB /* ResidueDrop.swift */; };
		AAD8C44C29D5EFA1008742CB /* Residue.swift in Sources */ = {isa = PBXBuildFile; fileRef = AAD8C44B29D5EFA1008742CB /* Residue.swift */; };
		AAD8C45029D5FD12008742CB /* ResidueView.swift in Sources */ = {isa = PBXBuildFile; fileRef = AAD8C44F29D5FD12008742CB /* ResidueView.swift */; };
		AAD8C45229D5FF4B008742CB /* SecondaryDetailsView.swift in Sources */ = {isa = PBXBuildFile; fileRef = AAD8C45129D5FF4B008742CB /* SecondaryDetailsView.swift */; };
		AAE243A729E502D30061910D /* Star.swift in Sources */ = {isa = PBXBuildFile; fileRef = AAE243A629E502D30061910D /* Star.swift */; };
		AAE243A929E502E00061910D /* Meteor.swift in Sources */ = {isa = PBXBuildFile; fileRef = AAE243A829E502E00061910D /* Meteor.swift */; };
		AAE243AB29E502E90061910D /* MeteorShower.swift in Sources */ = {isa = PBXBuildFile; fileRef = AAE243AA29E502E90061910D /* MeteorShower.swift */; };
		AAFCD8F72A9D2AE70018285E /* SolarLunarEventsView.swift in Sources */ = {isa = PBXBuildFile; fileRef = AAFCD8F62A9D2AE70018285E /* SolarLunarEventsView.swift */; };
/* End PBXBuildFile section */

/* Begin PBXFileReference section */
		AA093DDE2A72B1250099A958 /* SampleData.swift */ = {isa = PBXFileReference; lastKnownFileType = sourcecode.swift; path = SampleData.swift; sourceTree = "<group>"; };
		AA2B25DE2A9D3110009A4994 /* PrimaryDetailsView.swift */ = {isa = PBXFileReference; lastKnownFileType = sourcecode.swift; path = PrimaryDetailsView.swift; sourceTree = "<group>"; };
		AA2D9D162A7A77AD009FC955 /* WeatherAPIKey.swift */ = {isa = PBXFileReference; lastKnownFileType = sourcecode.swift; path = WeatherAPIKey.swift; sourceTree = "<group>"; };
		AA2D9D1B2A7EC5D5009FC955 /* SFSymbols-WeatherAnimationArray.swift */ = {isa = PBXFileReference; lastKnownFileType = sourcecode.swift; path = "SFSymbols-WeatherAnimationArray.swift"; sourceTree = "<group>"; };
		AA389B332A6EB4C100EF6E2F /* WeatherDetailRowView.swift */ = {isa = PBXFileReference; lastKnownFileType = sourcecode.swift; path = WeatherDetailRowView.swift; sourceTree = "<group>"; };
		AA48D4582A8167350026DD28 /* FavoriteLocation.swift */ = {isa = PBXFileReference; lastKnownFileType = sourcecode.swift; path = FavoriteLocation.swift; sourceTree = "<group>"; };
		AA49FC442A82B97F003E7CCA /* FavoriteLocationTile.swift */ = {isa = PBXFileReference; lastKnownFileType = sourcecode.swift; path = FavoriteLocationTile.swift; sourceTree = "<group>"; };
		AA607DED29E1CD6C00DBE8C3 /* LightningBolt.swift */ = {isa = PBXFileReference; lastKnownFileType = sourcecode.swift; path = LightningBolt.swift; sourceTree = "<group>"; };
		AA607DEF29E1CE1B00DBE8C3 /* Lightning.swift */ = {isa = PBXFileReference; lastKnownFileType = sourcecode.swift; path = Lightning.swift; sourceTree = "<group>"; };
		AA607DF129E1F37E00DBE8C3 /* LightningView.swift */ = {isa = PBXFileReference; lastKnownFileType = sourcecode.swift; path = LightningView.swift; sourceTree = "<group>"; };
		AA611A5F2A6EDCF400B55BBA /* WeatherData.swift */ = {isa = PBXFileReference; lastKnownFileType = sourcecode.swift; path = WeatherData.swift; sourceTree = "<group>"; };
		AA611A622A6EF1B900B55BBA /* WeatherService.swift */ = {isa = PBXFileReference; lastKnownFileType = sourcecode.swift; path = WeatherService.swift; sourceTree = "<group>"; };
		AA611A652A6EF4D000B55BBA /* WeatherViewModel.swift */ = {isa = PBXFileReference; lastKnownFileType = sourcecode.swift; path = WeatherViewModel.swift; sourceTree = "<group>"; };
		AA846C6F2A7036D800C4D61E /* WeatherDetailGridItem.swift */ = {isa = PBXFileReference; lastKnownFileType = sourcecode.swift; path = WeatherDetailGridItem.swift; sourceTree = "<group>"; };
		AA846C722A70AE7600C4D61E /* SkyView.swift */ = {isa = PBXFileReference; lastKnownFileType = sourcecode.swift; path = SkyView.swift; sourceTree = "<group>"; };
		AA846C742A70B2E800C4D61E /* GradientStops.swift */ = {isa = PBXFileReference; lastKnownFileType = sourcecode.swift; path = GradientStops.swift; sourceTree = "<group>"; };
		AA846C762A70B89E00C4D61E /* String-DateFormat.swift */ = {isa = PBXFileReference; lastKnownFileType = sourcecode.swift; path = "String-DateFormat.swift"; sourceTree = "<group>"; };
		AA972A5729CF3DED000E270E /* Weathered.app */ = {isa = PBXFileReference; explicitFileType = wrapper.application; includeInIndex = 0; path = Weathered.app; sourceTree = BUILT_PRODUCTS_DIR; };
		AA972A5A29CF3DED000E270E /* WeatheredApp.swift */ = {isa = PBXFileReference; lastKnownFileType = sourcecode.swift; path = WeatheredApp.swift; sourceTree = "<group>"; };
		AA972A5C29CF3DED000E270E /* ConditionsView.swift */ = {isa = PBXFileReference; lastKnownFileType = sourcecode.swift; path = ConditionsView.swift; sourceTree = "<group>"; };
		AA972A5E29CF3DEE000E270E /* Assets.xcassets */ = {isa = PBXFileReference; lastKnownFileType = folder.assetcatalog; path = Assets.xcassets; sourceTree = "<group>"; };
		AA972A6129CF3DEE000E270E /* Preview Assets.xcassets */ = {isa = PBXFileReference; lastKnownFileType = folder.assetcatalog; path = "Preview Assets.xcassets"; sourceTree = "<group>"; };
		AA972A6829CF3E7E000E270E /* Cloud.swift */ = {isa = PBXFileReference; lastKnownFileType = sourcecode.swift; path = Cloud.swift; sourceTree = "<group>"; };
		AA972A6A29CF407C000E270E /* CloudGroup.swift */ = {isa = PBXFileReference; lastKnownFileType = sourcecode.swift; path = CloudGroup.swift; sourceTree = "<group>"; };
		AA972A6E29CF42D0000E270E /* CloudsView.swift */ = {isa = PBXFileReference; lastKnownFileType = sourcecode.swift; path = CloudsView.swift; sourceTree = "<group>"; };
		AA972A7229CF9F5E000E270E /* Color-Custom.swift */ = {isa = PBXFileReference; lastKnownFileType = sourcecode.swift; path = "Color-Custom.swift"; sourceTree = "<group>"; };
		AA972A7529CFA219000E270E /* Array-GradientStop.swift */ = {isa = PBXFileReference; lastKnownFileType = sourcecode.swift; path = "Array-GradientStop.swift"; sourceTree = "<group>"; };
		AA972A7729CFA3E2000E270E /* Color-Interpolation.swift */ = {isa = PBXFileReference; lastKnownFileType = sourcecode.swift; path = "Color-Interpolation.swift"; sourceTree = "<group>"; };
		AA972A7C29D1D016000E270E /* StarField.swift */ = {isa = PBXFileReference; lastKnownFileType = sourcecode.swift; path = StarField.swift; sourceTree = "<group>"; };
		AA972A7E29D1D022000E270E /* StarsView.swift */ = {isa = PBXFileReference; lastKnownFileType = sourcecode.swift; path = StarsView.swift; sourceTree = "<group>"; };
		AA972A8029D23491000E270E /* Storm.swift */ = {isa = PBXFileReference; lastKnownFileType = sourcecode.swift; path = Storm.swift; sourceTree = "<group>"; };
		AA972A8229D234C7000E270E /* StormDrop.swift */ = {isa = PBXFileReference; lastKnownFileType = sourcecode.swift; path = StormDrop.swift; sourceTree = "<group>"; };
		AA972A8429D23863000E270E /* StormView.swift */ = {isa = PBXFileReference; lastKnownFileType = sourcecode.swift; path = StormView.swift; sourceTree = "<group>"; };
		AAA8266429E480CA00C74D6C /* SunView.swift */ = {isa = PBXFileReference; lastKnownFileType = sourcecode.swift; path = SunView.swift; sourceTree = "<group>"; };
		AAB4248C2A94D64A004C63BB /* SFSymbols-WeatherIcons.swift */ = {isa = PBXFileReference; lastKnownFileType = sourcecode.swift; path = "SFSymbols-WeatherIcons.swift"; sourceTree = "<group>"; };
		AABC2C0D2A713F89004EFF49 /* HomeView.swift */ = {isa = PBXFileReference; lastKnownFileType = sourcecode.swift; path = HomeView.swift; sourceTree = "<group>"; };
		AABC2C0F2A719380004EFF49 /* ContentView.swift */ = {isa = PBXFileReference; lastKnownFileType = sourcecode.swift; path = ContentView.swift; sourceTree = "<group>"; };
		AAD8C44929D5EBBD008742CB /* ResidueDrop.swift */ = {isa = PBXFileReference; lastKnownFileType = sourcecode.swift; path = ResidueDrop.swift; sourceTree = "<group>"; };
		AAD8C44B29D5EFA1008742CB /* Residue.swift */ = {isa = PBXFileReference; lastKnownFileType = sourcecode.swift; path = Residue.swift; sourceTree = "<group>"; };
		AAD8C44F29D5FD12008742CB /* ResidueView.swift */ = {isa = PBXFileReference; lastKnownFileType = sourcecode.swift; path = ResidueView.swift; sourceTree = "<group>"; };
		AAD8C45129D5FF4B008742CB /* SecondaryDetailsView.swift */ = {isa = PBXFileReference; lastKnownFileType = sourcecode.swift; path = SecondaryDetailsView.swift; sourceTree = "<group>"; };
		AAE243A629E502D30061910D /* Star.swift */ = {isa = PBXFileReference; lastKnownFileType = sourcecode.swift; path = Star.swift; sourceTree = "<group>"; };
		AAE243A829E502E00061910D /* Meteor.swift */ = {isa = PBXFileReference; lastKnownFileType = sourcecode.swift; path = Meteor.swift; sourceTree = "<group>"; };
		AAE243AA29E502E90061910D /* MeteorShower.swift */ = {isa = PBXFileReference; lastKnownFileType = sourcecode.swift; path = MeteorShower.swift; sourceTree = "<group>"; };
		AAFCD8F62A9D2AE70018285E /* SolarLunarEventsView.swift */ = {isa = PBXFileReference; lastKnownFileType = sourcecode.swift; path = SolarLunarEventsView.swift; sourceTree = "<group>"; };
/* End PBXFileReference section */

/* Begin PBXFrameworksBuildPhase section */
		AA972A5429CF3DED000E270E /* Frameworks */ = {
			isa = PBXFrameworksBuildPhase;
			buildActionMask = 2147483647;
			files = (
				AA2D9D1A2A7EC54B009FC955 /* ImageMorphing in Frameworks */,
			);
			runOnlyForDeploymentPostprocessing = 0;
		};
/* End PBXFrameworksBuildPhase section */

/* Begin PBXGroup section */
		AA3E7DB82A74716000119ECA /* Views */ = {
			isa = PBXGroup;
			children = (
				AA972A5C29CF3DED000E270E /* ConditionsView.swift */,
				AA2B25DE2A9D3110009A4994 /* PrimaryDetailsView.swift */,
				AAD8C45129D5FF4B008742CB /* SecondaryDetailsView.swift */,
				AA389B332A6EB4C100EF6E2F /* WeatherDetailRowView.swift */,
				AA846C6F2A7036D800C4D61E /* WeatherDetailGridItem.swift */,
				AAFCD8F62A9D2AE70018285E /* SolarLunarEventsView.swift */,
			);
			path = Views;
			sourceTree = "<group>";
		};
		AA48D4572A81671B0026DD28 /* FavoriteLocation */ = {
			isa = PBXGroup;
			children = (
				AA48D4582A8167350026DD28 /* FavoriteLocation.swift */,
			);
			path = FavoriteLocation;
			sourceTree = "<group>";
		};
		AA49FC432A82B94B003E7CCA /* FavoriteLocation */ = {
			isa = PBXGroup;
			children = (
				AA49FC442A82B97F003E7CCA /* FavoriteLocationTile.swift */,
			);
			path = FavoriteLocation;
			sourceTree = "<group>";
		};
		AA611A5B2A6EDC5300B55BBA /* Precipitation */ = {
			isa = PBXGroup;
			children = (
				AA972A8029D23491000E270E /* Storm.swift */,
				AA972A8229D234C7000E270E /* StormDrop.swift */,
				AAD8C44B29D5EFA1008742CB /* Residue.swift */,
				AAD8C44929D5EBBD008742CB /* ResidueDrop.swift */,
			);
			path = Precipitation;
			sourceTree = "<group>";
		};
		AA611A5C2A6EDC5700B55BBA /* Events */ = {
			isa = PBXGroup;
			children = (
				AAE243A829E502E00061910D /* Meteor.swift */,
				AAE243AA29E502E90061910D /* MeteorShower.swift */,
				AA607DEF29E1CE1B00DBE8C3 /* Lightning.swift */,
				AA607DED29E1CD6C00DBE8C3 /* LightningBolt.swift */,
			);
			path = Events;
			sourceTree = "<group>";
		};
		AA611A5D2A6EDC5900B55BBA /* Sky */ = {
			isa = PBXGroup;
			children = (
				AAE243A629E502D30061910D /* Star.swift */,
				AA972A7C29D1D016000E270E /* StarField.swift */,
				AA972A6829CF3E7E000E270E /* Cloud.swift */,
				AA972A6A29CF407C000E270E /* CloudGroup.swift */,
			);
			path = Sky;
			sourceTree = "<group>";
		};
		AA611A5E2A6EDCCD00B55BBA /* Weather */ = {
			isa = PBXGroup;
			children = (
				AA611A5F2A6EDCF400B55BBA /* WeatherData.swift */,
				AA093DDE2A72B1250099A958 /* SampleData.swift */,
			);
			path = Weather;
			sourceTree = "<group>";
		};
		AA611A612A6EF19000B55BBA /* Services */ = {
			isa = PBXGroup;
			children = (
				AA611A622A6EF1B900B55BBA /* WeatherService.swift */,
				AA2D9D162A7A77AD009FC955 /* WeatherAPIKey.swift */,
			);
			path = Services;
			sourceTree = "<group>";
		};
		AA611A642A6EF4C400B55BBA /* ViewModels */ = {
			isa = PBXGroup;
			children = (
				AA611A652A6EF4D000B55BBA /* WeatherViewModel.swift */,
			);
			path = ViewModels;
			sourceTree = "<group>";
		};
		AA611A672A6EFEEA00B55BBA /* Weather */ = {
			isa = PBXGroup;
			children = (
				AA611A642A6EF4C400B55BBA /* ViewModels */,
				AA3E7DB82A74716000119ECA /* Views */,
			);
			path = Weather;
			sourceTree = "<group>";
		};
		AA611A682A6EFF3B00B55BBA /* Sky */ = {
			isa = PBXGroup;
			children = (
				AAC3A1022A782F6400C89E3F /* Views */,
			);
			path = Sky;
			sourceTree = "<group>";
		};
		AA972A4E29CF3DED000E270E = {
			isa = PBXGroup;
			children = (
				AA972A5929CF3DED000E270E /* Weathered */,
				AA972A5829CF3DED000E270E /* Products */,
			);
			sourceTree = "<group>";
		};
		AA972A5829CF3DED000E270E /* Products */ = {
			isa = PBXGroup;
			children = (
				AA972A5729CF3DED000E270E /* Weathered.app */,
			);
			name = Products;
			sourceTree = "<group>";
		};
		AA972A5929CF3DED000E270E /* Weathered */ = {
			isa = PBXGroup;
			children = (
				AA972A5A29CF3DED000E270E /* WeatheredApp.swift */,
				AA972A6C29CF42B7000E270E /* Models */,
				AA972A6D29CF42C1000E270E /* Views */,
				AA611A612A6EF19000B55BBA /* Services */,
				AA972A7029CF9F41000E270E /* Utilities */,
				AA972A5E29CF3DEE000E270E /* Assets.xcassets */,
				AA972A6029CF3DEE000E270E /* Preview Content */,
			);
			path = Weathered;
			sourceTree = "<group>";
		};
		AA972A6029CF3DEE000E270E /* Preview Content */ = {
			isa = PBXGroup;
			children = (
				AA972A6129CF3DEE000E270E /* Preview Assets.xcassets */,
			);
			path = "Preview Content";
			sourceTree = "<group>";
		};
		AA972A6C29CF42B7000E270E /* Models */ = {
			isa = PBXGroup;
			children = (
				AA48D4572A81671B0026DD28 /* FavoriteLocation */,
				AA611A5E2A6EDCCD00B55BBA /* Weather */,
				AA611A5D2A6EDC5900B55BBA /* Sky */,
				AA611A5C2A6EDC5700B55BBA /* Events */,
				AA611A5B2A6EDC5300B55BBA /* Precipitation */,
			);
			path = Models;
			sourceTree = "<group>";
		};
		AA972A6D29CF42C1000E270E /* Views */ = {
			isa = PBXGroup;
			children = (
				AABC2C0F2A719380004EFF49 /* ContentView.swift */,
				AABC2C0C2A713F79004EFF49 /* Home */,
				AA611A672A6EFEEA00B55BBA /* Weather */,
				AA49FC432A82B94B003E7CCA /* FavoriteLocation */,
				AA611A682A6EFF3B00B55BBA /* Sky */,
			);
			path = Views;
			sourceTree = "<group>";
		};
		AA972A7029CF9F41000E270E /* Utilities */ = {
			isa = PBXGroup;
			children = (
				AA846C742A70B2E800C4D61E /* GradientStops.swift */,
				AAB4248C2A94D64A004C63BB /* SFSymbols-WeatherIcons.swift */,
				AA2D9D1B2A7EC5D5009FC955 /* SFSymbols-WeatherAnimationArray.swift */,
				AA972A7229CF9F5E000E270E /* Color-Custom.swift */,
				AA972A7729CFA3E2000E270E /* Color-Interpolation.swift */,
				AA846C762A70B89E00C4D61E /* String-DateFormat.swift */,
				AA972A7529CFA219000E270E /* Array-GradientStop.swift */,
			);
			path = Utilities;
			sourceTree = "<group>";
		};
		AABC2C0C2A713F79004EFF49 /* Home */ = {
			isa = PBXGroup;
			children = (
				AABC2C0D2A713F89004EFF49 /* HomeView.swift */,
			);
			path = Home;
			sourceTree = "<group>";
		};
		AAC3A1022A782F6400C89E3F /* Views */ = {
			isa = PBXGroup;
			children = (
				AA846C722A70AE7600C4D61E /* SkyView.swift */,
				AAA8266429E480CA00C74D6C /* SunView.swift */,
				AA972A7E29D1D022000E270E /* StarsView.swift */,
				AA972A6E29CF42D0000E270E /* CloudsView.swift */,
				AA972A8429D23863000E270E /* StormView.swift */,
				AAD8C44F29D5FD12008742CB /* ResidueView.swift */,
				AA607DF129E1F37E00DBE8C3 /* LightningView.swift */,
			);
			path = Views;
			sourceTree = "<group>";
		};
/* End PBXGroup section */

/* Begin PBXNativeTarget section */
		AA972A5629CF3DED000E270E /* Weathered */ = {
			isa = PBXNativeTarget;
			buildConfigurationList = AA972A6529CF3DEE000E270E /* Build configuration list for PBXNativeTarget "Weathered" */;
			buildPhases = (
				AA972A5329CF3DED000E270E /* Sources */,
				AA972A5429CF3DED000E270E /* Frameworks */,
				AA972A5529CF3DED000E270E /* Resources */,
			);
			buildRules = (
			);
			dependencies = (
			);
			name = Weathered;
			packageProductDependencies = (
				AA2D9D192A7EC54B009FC955 /* ImageMorphing */,
			);
			productName = Weathered;
			productReference = AA972A5729CF3DED000E270E /* Weathered.app */;
			productType = "com.apple.product-type.application";
		};
/* End PBXNativeTarget section */

/* Begin PBXProject section */
		AA972A4F29CF3DED000E270E /* Project object */ = {
			isa = PBXProject;
			attributes = {
				BuildIndependentTargetsInParallel = 1;
				LastSwiftUpdateCheck = 1420;
				LastUpgradeCheck = 1500;
				TargetAttributes = {
					AA972A5629CF3DED000E270E = {
						CreatedOnToolsVersion = 14.2;
					};
				};
			};
			buildConfigurationList = AA972A5229CF3DED000E270E /* Build configuration list for PBXProject "Weathered" */;
			compatibilityVersion = "Xcode 14.0";
			developmentRegion = en;
			hasScannedForEncodings = 0;
			knownRegions = (
				en,
				Base,
			);
			mainGroup = AA972A4E29CF3DED000E270E;
			packageReferences = (
				AA2D9D182A7EC54B009FC955 /* XCRemoteSwiftPackageReference "ImageMorphing" */,
			);
			productRefGroup = AA972A5829CF3DED000E270E /* Products */;
			projectDirPath = "";
			projectRoot = "";
			targets = (
				AA972A5629CF3DED000E270E /* Weathered */,
			);
		};
/* End PBXProject section */

/* Begin PBXResourcesBuildPhase section */
		AA972A5529CF3DED000E270E /* Resources */ = {
			isa = PBXResourcesBuildPhase;
			buildActionMask = 2147483647;
			files = (
				AA972A6229CF3DEE000E270E /* Preview Assets.xcassets in Resources */,
				AA972A5F29CF3DEE000E270E /* Assets.xcassets in Resources */,
			);
			runOnlyForDeploymentPostprocessing = 0;
		};
/* End PBXResourcesBuildPhase section */

/* Begin PBXSourcesBuildPhase section */
		AA972A5329CF3DED000E270E /* Sources */ = {
			isa = PBXSourcesBuildPhase;
			buildActionMask = 2147483647;
			files = (
				AAFCD8F72A9D2AE70018285E /* SolarLunarEventsView.swift in Sources */,
				AA846C732A70AE7600C4D61E /* SkyView.swift in Sources */,
				AA972A8329D234C7000E270E /* StormDrop.swift in Sources */,
				AA611A632A6EF1B900B55BBA /* WeatherService.swift in Sources */,
				AAE243AB29E502E90061910D /* MeteorShower.swift in Sources */,
				AAD8C44A29D5EBBD008742CB /* ResidueDrop.swift in Sources */,
				AA2D9D172A7A77AD009FC955 /* WeatherAPIKey.swift in Sources */,
				AA846C752A70B2E800C4D61E /* GradientStops.swift in Sources */,
				AA2D9D1C2A7EC5D5009FC955 /* SFSymbols-WeatherAnimationArray.swift in Sources */,
				AA972A5D29CF3DED000E270E /* ConditionsView.swift in Sources */,
				AA972A6929CF3E7E000E270E /* Cloud.swift in Sources */,
				AA972A8129D23491000E270E /* Storm.swift in Sources */,
				AA611A602A6EDCF400B55BBA /* WeatherData.swift in Sources */,
				AABC2C0E2A713F89004EFF49 /* HomeView.swift in Sources */,
				AA972A7829CFA3E2000E270E /* Color-Interpolation.swift in Sources */,
				AA972A8529D23863000E270E /* StormView.swift in Sources */,
				AAD8C45229D5FF4B008742CB /* SecondaryDetailsView.swift in Sources */,
				AAA8266529E480CA00C74D6C /* SunView.swift in Sources */,
				AA972A7329CF9F5E000E270E /* Color-Custom.swift in Sources */,
				AA48D4592A8167350026DD28 /* FavoriteLocation.swift in Sources */,
				AAD8C44C29D5EFA1008742CB /* Residue.swift in Sources */,
				AAE243A929E502E00061910D /* Meteor.swift in Sources */,
				AA093DDF2A72B1250099A958 /* SampleData.swift in Sources */,
				AAD8C45029D5FD12008742CB /* ResidueView.swift in Sources */,
				AA972A5B29CF3DED000E270E /* WeatheredApp.swift in Sources */,
				AA611A662A6EF4D000B55BBA /* WeatherViewModel.swift in Sources */,
				AA389B342A6EB4C100EF6E2F /* WeatherDetailRowView.swift in Sources */,
				AAB4248D2A94D64A004C63BB /* SFSymbols-WeatherIcons.swift in Sources */,
				AAE243A729E502D30061910D /* Star.swift in Sources */,
				AA972A7D29D1D016000E270E /* StarField.swift in Sources */,
				AABC2C102A719380004EFF49 /* ContentView.swift in Sources */,
				AA607DEE29E1CD6C00DBE8C3 /* LightningBolt.swift in Sources */,
				AA846C702A7036D800C4D61E /* WeatherDetailGridItem.swift in Sources */,
				AA972A7629CFA219000E270E /* Array-GradientStop.swift in Sources */,
				AA972A7F29D1D022000E270E /* StarsView.swift in Sources */,
				AA972A6B29CF407C000E270E /* CloudGroup.swift in Sources */,
				AA2B25DF2A9D3110009A4994 /* PrimaryDetailsView.swift in Sources */,
				AA607DF029E1CE1B00DBE8C3 /* Lightning.swift in Sources */,
				AA846C772A70B89E00C4D61E /* String-DateFormat.swift in Sources */,
				AA607DF229E1F37E00DBE8C3 /* LightningView.swift in Sources */,
				AA972A6F29CF42D0000E270E /* CloudsView.swift in Sources */,
				AA49FC452A82B97F003E7CCA /* FavoriteLocationTile.swift in Sources */,
			);
			runOnlyForDeploymentPostprocessing = 0;
		};
/* End PBXSourcesBuildPhase section */

/* Begin XCBuildConfiguration section */
		AA972A6329CF3DEE000E270E /* Debug */ = {
			isa = XCBuildConfiguration;
			buildSettings = {
				ALWAYS_SEARCH_USER_PATHS = NO;
				CLANG_ANALYZER_NONNULL = YES;
				CLANG_ANALYZER_NUMBER_OBJECT_CONVERSION = YES_AGGRESSIVE;
				CLANG_CXX_LANGUAGE_STANDARD = "gnu++20";
				CLANG_ENABLE_MODULES = YES;
				CLANG_ENABLE_OBJC_ARC = YES;
				CLANG_ENABLE_OBJC_WEAK = YES;
				CLANG_WARN_BLOCK_CAPTURE_AUTORELEASING = YES;
				CLANG_WARN_BOOL_CONVERSION = YES;
				CLANG_WARN_COMMA = YES;
				CLANG_WARN_CONSTANT_CONVERSION = YES;
				CLANG_WARN_DEPRECATED_OBJC_IMPLEMENTATIONS = YES;
				CLANG_WARN_DIRECT_OBJC_ISA_USAGE = YES_ERROR;
				CLANG_WARN_DOCUMENTATION_COMMENTS = YES;
				CLANG_WARN_EMPTY_BODY = YES;
				CLANG_WARN_ENUM_CONVERSION = YES;
				CLANG_WARN_INFINITE_RECURSION = YES;
				CLANG_WARN_INT_CONVERSION = YES;
				CLANG_WARN_NON_LITERAL_NULL_CONVERSION = YES;
				CLANG_WARN_OBJC_IMPLICIT_RETAIN_SELF = YES;
				CLANG_WARN_OBJC_LITERAL_CONVERSION = YES;
				CLANG_WARN_OBJC_ROOT_CLASS = YES_ERROR;
				CLANG_WARN_QUOTED_INCLUDE_IN_FRAMEWORK_HEADER = YES;
				CLANG_WARN_RANGE_LOOP_ANALYSIS = YES;
				CLANG_WARN_STRICT_PROTOTYPES = YES;
				CLANG_WARN_SUSPICIOUS_MOVE = YES;
				CLANG_WARN_UNGUARDED_AVAILABILITY = YES_AGGRESSIVE;
				CLANG_WARN_UNREACHABLE_CODE = YES;
				CLANG_WARN__DUPLICATE_METHOD_MATCH = YES;
				COPY_PHASE_STRIP = NO;
				DEBUG_INFORMATION_FORMAT = dwarf;
				ENABLE_STRICT_OBJC_MSGSEND = YES;
				ENABLE_TESTABILITY = YES;
				ENABLE_USER_SCRIPT_SANDBOXING = YES;
				GCC_C_LANGUAGE_STANDARD = gnu11;
				GCC_DYNAMIC_NO_PIC = NO;
				GCC_NO_COMMON_BLOCKS = YES;
				GCC_OPTIMIZATION_LEVEL = 0;
				GCC_PREPROCESSOR_DEFINITIONS = (
					"DEBUG=1",
					"$(inherited)",
				);
				GCC_WARN_64_TO_32_BIT_CONVERSION = YES;
				GCC_WARN_ABOUT_RETURN_TYPE = YES_ERROR;
				GCC_WARN_UNDECLARED_SELECTOR = YES;
				GCC_WARN_UNINITIALIZED_AUTOS = YES_AGGRESSIVE;
				GCC_WARN_UNUSED_FUNCTION = YES;
				GCC_WARN_UNUSED_VARIABLE = YES;
				IPHONEOS_DEPLOYMENT_TARGET = 17.0;
				MTL_ENABLE_DEBUG_INFO = INCLUDE_SOURCE;
				MTL_FAST_MATH = YES;
				ONLY_ACTIVE_ARCH = YES;
				SDKROOT = iphoneos;
				SWIFT_ACTIVE_COMPILATION_CONDITIONS = DEBUG;
				SWIFT_OPTIMIZATION_LEVEL = "-Onone";
			};
			name = Debug;
		};
		AA972A6429CF3DEE000E270E /* Release */ = {
			isa = XCBuildConfiguration;
			buildSettings = {
				ALWAYS_SEARCH_USER_PATHS = NO;
				CLANG_ANALYZER_NONNULL = YES;
				CLANG_ANALYZER_NUMBER_OBJECT_CONVERSION = YES_AGGRESSIVE;
				CLANG_CXX_LANGUAGE_STANDARD = "gnu++20";
				CLANG_ENABLE_MODULES = YES;
				CLANG_ENABLE_OBJC_ARC = YES;
				CLANG_ENABLE_OBJC_WEAK = YES;
				CLANG_WARN_BLOCK_CAPTURE_AUTORELEASING = YES;
				CLANG_WARN_BOOL_CONVERSION = YES;
				CLANG_WARN_COMMA = YES;
				CLANG_WARN_CONSTANT_CONVERSION = YES;
				CLANG_WARN_DEPRECATED_OBJC_IMPLEMENTATIONS = YES;
				CLANG_WARN_DIRECT_OBJC_ISA_USAGE = YES_ERROR;
				CLANG_WARN_DOCUMENTATION_COMMENTS = YES;
				CLANG_WARN_EMPTY_BODY = YES;
				CLANG_WARN_ENUM_CONVERSION = YES;
				CLANG_WARN_INFINITE_RECURSION = YES;
				CLANG_WARN_INT_CONVERSION = YES;
				CLANG_WARN_NON_LITERAL_NULL_CONVERSION = YES;
				CLANG_WARN_OBJC_IMPLICIT_RETAIN_SELF = YES;
				CLANG_WARN_OBJC_LITERAL_CONVERSION = YES;
				CLANG_WARN_OBJC_ROOT_CLASS = YES_ERROR;
				CLANG_WARN_QUOTED_INCLUDE_IN_FRAMEWORK_HEADER = YES;
				CLANG_WARN_RANGE_LOOP_ANALYSIS = YES;
				CLANG_WARN_STRICT_PROTOTYPES = YES;
				CLANG_WARN_SUSPICIOUS_MOVE = YES;
				CLANG_WARN_UNGUARDED_AVAILABILITY = YES_AGGRESSIVE;
				CLANG_WARN_UNREACHABLE_CODE = YES;
				CLANG_WARN__DUPLICATE_METHOD_MATCH = YES;
				COPY_PHASE_STRIP = NO;
				DEBUG_INFORMATION_FORMAT = "dwarf-with-dsym";
				ENABLE_NS_ASSERTIONS = NO;
				ENABLE_STRICT_OBJC_MSGSEND = YES;
				ENABLE_USER_SCRIPT_SANDBOXING = YES;
				GCC_C_LANGUAGE_STANDARD = gnu11;
				GCC_NO_COMMON_BLOCKS = YES;
				GCC_WARN_64_TO_32_BIT_CONVERSION = YES;
				GCC_WARN_ABOUT_RETURN_TYPE = YES_ERROR;
				GCC_WARN_UNDECLARED_SELECTOR = YES;
				GCC_WARN_UNINITIALIZED_AUTOS = YES_AGGRESSIVE;
				GCC_WARN_UNUSED_FUNCTION = YES;
				GCC_WARN_UNUSED_VARIABLE = YES;
				IPHONEOS_DEPLOYMENT_TARGET = 17.0;
				MTL_ENABLE_DEBUG_INFO = NO;
				MTL_FAST_MATH = YES;
				SDKROOT = iphoneos;
				SWIFT_COMPILATION_MODE = wholemodule;
				SWIFT_OPTIMIZATION_LEVEL = "-O";
				VALIDATE_PRODUCT = YES;
			};
			name = Release;
		};
		AA972A6629CF3DEE000E270E /* Debug */ = {
			isa = XCBuildConfiguration;
			buildSettings = {
				ASSETCATALOG_COMPILER_APPICON_NAME = AppIcon;
				ASSETCATALOG_COMPILER_GLOBAL_ACCENT_COLOR_NAME = AccentColor;
				CODE_SIGN_STYLE = Automatic;
				CURRENT_PROJECT_VERSION = 1;
				DEVELOPMENT_ASSET_PATHS = "\"Weathered/Preview Content\"";
				ENABLE_PREVIEWS = YES;
				GENERATE_INFOPLIST_FILE = YES;
				INFOPLIST_KEY_UIApplicationSceneManifest_Generation = YES;
				INFOPLIST_KEY_UIApplicationSupportsIndirectInputEvents = YES;
				INFOPLIST_KEY_UILaunchScreen_Generation = YES;
				INFOPLIST_KEY_UISupportedInterfaceOrientations_iPad = "UIInterfaceOrientationPortrait UIInterfaceOrientationPortraitUpsideDown UIInterfaceOrientationLandscapeLeft UIInterfaceOrientationLandscapeRight";
				INFOPLIST_KEY_UISupportedInterfaceOrientations_iPhone = "UIInterfaceOrientationPortrait UIInterfaceOrientationLandscapeLeft UIInterfaceOrientationLandscapeRight";
				LD_RUNPATH_SEARCH_PATHS = (
					"$(inherited)",
					"@executable_path/Frameworks",
				);
				MARKETING_VERSION = 1.0;
				PRODUCT_BUNDLE_IDENTIFIER = ChristianLavelle.Weathered;
				PRODUCT_NAME = "$(TARGET_NAME)";
				SWIFT_EMIT_LOC_STRINGS = YES;
				SWIFT_VERSION = 5.0;
				TARGETED_DEVICE_FAMILY = "1,2";
			};
			name = Debug;
		};
		AA972A6729CF3DEE000E270E /* Release */ = {
			isa = XCBuildConfiguration;
			buildSettings = {
				ASSETCATALOG_COMPILER_APPICON_NAME = AppIcon;
				ASSETCATALOG_COMPILER_GLOBAL_ACCENT_COLOR_NAME = AccentColor;
				CODE_SIGN_STYLE = Automatic;
				CURRENT_PROJECT_VERSION = 1;
				DEVELOPMENT_ASSET_PATHS = "\"Weathered/Preview Content\"";
				ENABLE_PREVIEWS = YES;
				GENERATE_INFOPLIST_FILE = YES;
				INFOPLIST_KEY_UIApplicationSceneManifest_Generation = YES;
				INFOPLIST_KEY_UIApplicationSupportsIndirectInputEvents = YES;
				INFOPLIST_KEY_UILaunchScreen_Generation = YES;
				INFOPLIST_KEY_UISupportedInterfaceOrientations_iPad = "UIInterfaceOrientationPortrait UIInterfaceOrientationPortraitUpsideDown UIInterfaceOrientationLandscapeLeft UIInterfaceOrientationLandscapeRight";
				INFOPLIST_KEY_UISupportedInterfaceOrientations_iPhone = "UIInterfaceOrientationPortrait UIInterfaceOrientationLandscapeLeft UIInterfaceOrientationLandscapeRight";
				LD_RUNPATH_SEARCH_PATHS = (
					"$(inherited)",
					"@executable_path/Frameworks",
				);
				MARKETING_VERSION = 1.0;
				PRODUCT_BUNDLE_IDENTIFIER = ChristianLavelle.Weathered;
				PRODUCT_NAME = "$(TARGET_NAME)";
				SWIFT_EMIT_LOC_STRINGS = YES;
				SWIFT_VERSION = 5.0;
				TARGETED_DEVICE_FAMILY = "1,2";
			};
			name = Release;
		};
/* End XCBuildConfiguration section */

/* Begin XCConfigurationList section */
		AA972A5229CF3DED000E270E /* Build configuration list for PBXProject "Weathered" */ = {
			isa = XCConfigurationList;
			buildConfigurations = (
				AA972A6329CF3DEE000E270E /* Debug */,
				AA972A6429CF3DEE000E270E /* Release */,
			);
			defaultConfigurationIsVisible = 0;
			defaultConfigurationName = Release;
		};
		AA972A6529CF3DEE000E270E /* Build configuration list for PBXNativeTarget "Weathered" */ = {
			isa = XCConfigurationList;
			buildConfigurations = (
				AA972A6629CF3DEE000E270E /* Debug */,
				AA972A6729CF3DEE000E270E /* Release */,
			);
			defaultConfigurationIsVisible = 0;
			defaultConfigurationName = Release;
		};
/* End XCConfigurationList section */

/* Begin XCRemoteSwiftPackageReference section */
		AA2D9D182A7EC54B009FC955 /* XCRemoteSwiftPackageReference "ImageMorphing" */ = {
			isa = XCRemoteSwiftPackageReference;
			repositoryURL = "https://github.com/kodlian/ImageMorphing.git";
			requirement = {
				kind = upToNextMajorVersion;
				minimumVersion = 1.0.0;
			};
		};
/* End XCRemoteSwiftPackageReference section */

/* Begin XCSwiftPackageProductDependency section */
		AA2D9D192A7EC54B009FC955 /* ImageMorphing */ = {
			isa = XCSwiftPackageProductDependency;
			package = AA2D9D182A7EC54B009FC955 /* XCRemoteSwiftPackageReference "ImageMorphing" */;
			productName = ImageMorphing;
		};
/* End XCSwiftPackageProductDependency section */
	};
	rootObject = AA972A4F29CF3DED000E270E /* Project object */;
}
